
Microsoft Visual Studio Solution File, Format Version 12.00
# Visual Studio Version 17
VisualStudioVersion = 17.3.32825.248
MinimumVisualStudioVersion = 10.0.40219.1
Project("{FAE04EC0-301F-11D3-BF4B-00C04F79EFBC}") = "TYP01", "TYP\TYP01.csproj", "{C7553EC1-D7B3-40E7-B999-6EEBD4B56FA9}"
EndProject
Project("{FAE04EC0-301F-11D3-BF4B-00C04F79EFBC}") = "TYP02", "TYP02\TYP02.csproj", "{5AFEFFBA-9135-42A5-9B00-BEB3E36D8756}"
EndProject
Project("{FAE04EC0-301F-11D3-BF4B-00C04F79EFBC}") = "TYP03", "TYP03\TYP03.csproj", "{168D5E1C-871B-4F8F-8763-BA027FCD2E7B}"
EndProject
Global
	GlobalSection(SolutionConfigurationPlatforms) = preSolution
		Debug|Any CPU = Debug|Any CPU
		Release|Any CPU = Release|Any CPU
	EndGlobalSection
	GlobalSection(ProjectConfigurationPlatforms) = postSolution
		{C7553EC1-D7B3-40E7-B999-6EEBD4B56FA9}.Debug|Any CPU.ActiveCfg = Debug|Any CPU
		{C7553EC1-D7B3-40E7-B999-6EEBD4B56FA9}.Debug|Any CPU.Build.0 = Debug|Any CPU
		{C7553EC1-D7B3-40E7-B999-6EEBD4B56FA9}.Release|Any CPU.ActiveCfg = Release|Any CPU
		{C7553EC1-D7B3-40E7-B999-6EEBD4B56FA9}.Release|Any CPU.Build.0 = Release|Any CPU
		{5AFEFFBA-9135-42A5-9B00-BEB3E36D8756}.Debug|Any CPU.ActiveCfg = Debug|Any CPU
		{5AFEFFBA-9135-42A5-9B00-BEB3E36D8756}.Debug|Any CPU.Build.0 = Debug|Any CPU
		{5AFEFFBA-9135-42A5-9B00-BEB3E36D8756}.Release|Any CPU.ActiveCfg = Release|Any CPU
		{5AFEFFBA-9135-42A5-9B00-BEB3E36D8756}.Release|Any CPU.Build.0 = Release|Any CPU
		{168D5E1C-871B-4F8F-8763-BA027FCD2E7B}.Debug|Any CPU.ActiveCfg = Debug|Any CPU
		{168D5E1C-871B-4F8F-8763-BA027FCD2E7B}.Debug|Any CPU.Build.0 = Debug|Any CPU
		{168D5E1C-871B-4F8F-8763-BA027FCD2E7B}.Release|Any CPU.ActiveCfg = Release|Any CPU
		{168D5E1C-871B-4F8F-8763-BA027FCD2E7B}.Release|Any CPU.Build.0 = Release|Any CPU
	EndGlobalSection
	GlobalSection(SolutionProperties) = preSolution
		HideSolutionNode = FALSE
	EndGlobalSection
	GlobalSection(ExtensibilityGlobals) = postSolution
		SolutionGuid = {73B7B295-AE64-4444-8111-D8F976546837}
	EndGlobalSection
EndGlobal
